{
  "name": "djlint",
  "version": "1.36.4",
  "lockfileVersion": 3,
  "requires": true,
  "packages": {
    "": {
      "name": "djlint",
      "version": "1.36.4",
      "hasInstallScript": true,
      "license": "GPL-3.0-or-later",
      "devDependencies": {
        "@ianvs/prettier-plugin-sort-imports": "4.4.2",
        "prettier": "3.6.2",
        "prettier-plugin-packagejson": "2.5.17"
      }
    },
    "node_modules/@babel/code-frame": {
      "version": "7.27.1",
      "resolved": "https://registry.npmjs.org/@babel/code-frame/-/code-frame-7.27.1.tgz",
      "integrity": "sha512-cjQ7ZlQ0Mv3b47hABuTevyTuYN4i+loJKGeV9flcCgIK37cCXRh+L1bd3iBHlynerhQ7BhCkn2BPbQUL+rGqFg==",
      "dev": true,
      "license": "MIT",
      "dependencies": {
        "@babel/helper-validator-identifier": "^7.27.1",
        "js-tokens": "^4.0.0",
        "picocolors": "^1.1.1"
      },
      "engines": {
        "node": ">=6.9.0"
      }
    },
    "node_modules/@babel/generator": {
      "version": "7.27.5",
      "resolved": "https://registry.npmjs.org/@babel/generator/-/generator-7.27.5.tgz",
      "integrity": "sha512-ZGhA37l0e/g2s1Cnzdix0O3aLYm66eF8aufiVteOgnwxgnRP8GoyMj7VWsgWnQbVKXyge7hqrFh2K2TQM6t1Hw==",
      "dev": true,
      "license": "MIT",
      "dependencies": {
        "@babel/parser": "^7.27.5",
        "@babel/types": "^7.27.3",
        "@jridgewell/gen-mapping": "^0.3.5",
        "@jridgewell/trace-mapping": "^0.3.25",
        "jsesc": "^3.0.2"
      },
      "engines": {
        "node": ">=6.9.0"
      }
    },
    "node_modules/@babel/helper-string-parser": {
      "version": "7.27.1",
      "resolved": "https://registry.npmjs.org/@babel/helper-string-parser/-/helper-string-parser-7.27.1.tgz",
      "integrity": "sha512-qMlSxKbpRlAridDExk92nSobyDdpPijUq2DW6oDnUqd0iOGxmQjyqhMIihI9+zv4LPyZdRje2cavWPbCbWm3eA==",
      "dev": true,
      "license": "MIT",
      "engines": {
        "node": ">=6.9.0"
      }
    },
    "node_modules/@babel/helper-validator-identifier": {
      "version": "7.27.1",
      "resolved": "https://registry.npmjs.org/@babel/helper-validator-identifier/-/helper-validator-identifier-7.27.1.tgz",
      "integrity": "sha512-D2hP9eA+Sqx1kBZgzxZh0y1trbuU+JoDkiEwqhQ36nodYqJwyEIhPSdMNd7lOm/4io72luTPWH20Yda0xOuUow==",
      "dev": true,
      "license": "MIT",
      "engines": {
        "node": ">=6.9.0"
      }
    },
    "node_modules/@babel/parser": {
      "version": "7.27.7",
      "resolved": "https://registry.npmjs.org/@babel/parser/-/parser-7.27.7.tgz",
      "integrity": "sha512-qnzXzDXdr/po3bOTbTIQZ7+TxNKxpkN5IifVLXS+r7qwynkZfPyjZfE7hCXbo7IoO9TNcSyibgONsf2HauUd3Q==",
      "dev": true,
      "license": "MIT",
      "dependencies": {
        "@babel/types": "^7.27.7"
      },
      "bin": {
        "parser": "bin/babel-parser.js"
      },
      "engines": {
        "node": ">=6.0.0"
      }
    },
    "node_modules/@babel/template": {
      "version": "7.27.2",
      "resolved": "https://registry.npmjs.org/@babel/template/-/template-7.27.2.tgz",
      "integrity": "sha512-LPDZ85aEJyYSd18/DkjNh4/y1ntkE5KwUHWTiqgRxruuZL2F1yuHligVHLvcHY2vMHXttKFpJn6LwfI7cw7ODw==",
      "dev": true,
      "license": "MIT",
      "dependencies": {
        "@babel/code-frame": "^7.27.1",
        "@babel/parser": "^7.27.2",
        "@babel/types": "^7.27.1"
      },
      "engines": {
        "node": ">=6.9.0"
      }
    },
    "node_modules/@babel/traverse": {
      "version": "7.27.7",
      "resolved": "https://registry.npmjs.org/@babel/traverse/-/traverse-7.27.7.tgz",
      "integrity": "sha512-X6ZlfR/O/s5EQ/SnUSLzr+6kGnkg8HXGMzpgsMsrJVcfDtH1vIp6ctCN4eZ1LS5c0+te5Cb6Y514fASjMRJ1nw==",
      "dev": true,
      "license": "MIT",
      "dependencies": {
        "@babel/code-frame": "^7.27.1",
        "@babel/generator": "^7.27.5",
        "@babel/parser": "^7.27.7",
        "@babel/template": "^7.27.2",
        "@babel/types": "^7.27.7",
        "debug": "^4.3.1",
        "globals": "^11.1.0"
      },
      "engines": {
        "node": ">=6.9.0"
      }
    },
    "node_modules/@babel/types": {
      "version": "7.27.7",
      "resolved": "https://registry.npmjs.org/@babel/types/-/types-7.27.7.tgz",
      "integrity": "sha512-8OLQgDScAOHXnAz2cV+RfzzNMipuLVBz2biuAJFMV9bfkNf393je3VM8CLkjQodW5+iWsSJdSgSWT6rsZoXHPw==",
      "dev": true,
      "license": "MIT",
      "dependencies": {
        "@babel/helper-string-parser": "^7.27.1",
        "@babel/helper-validator-identifier": "^7.27.1"
      },
      "engines": {
        "node": ">=6.9.0"
      }
    },
    "node_modules/@ianvs/prettier-plugin-sort-imports": {
      "version": "4.4.2",
      "resolved": "https://registry.npmjs.org/@ianvs/prettier-plugin-sort-imports/-/prettier-plugin-sort-imports-4.4.2.tgz",
      "integrity": "sha512-KkVFy3TLh0OFzimbZglMmORi+vL/i2OFhEs5M07R9w0IwWAGpsNNyE4CY/2u0YoMF5bawKC2+8/fUH60nnNtjw==",
      "dev": true,
      "license": "Apache-2.0",
      "dependencies": {
        "@babel/generator": "^7.26.2",
        "@babel/parser": "^7.26.2",
        "@babel/traverse": "^7.25.9",
        "@babel/types": "^7.26.0",
        "semver": "^7.5.2"
      },
      "peerDependencies": {
        "@vue/compiler-sfc": "2.7.x || 3.x",
        "prettier": "2 || 3 || ^4.0.0-0"
      },
      "peerDependenciesMeta": {
        "@vue/compiler-sfc": {
          "optional": true
        }
      }
    },
    "node_modules/@jridgewell/gen-mapping": {
      "version": "0.3.9",
      "resolved": "https://registry.npmjs.org/@jridgewell/gen-mapping/-/gen-mapping-0.3.9.tgz",
      "integrity": "sha512-xpz6C/vXOegF9VEtlMBlkNNIjHrLhKaFBsO4lmQGr00x5BHp7p+oliR6i7LwIcM5cZU2VjLSwm2R+/zj5IjPWg==",
      "dev": true,
      "license": "MIT",
      "dependencies": {
        "@jridgewell/sourcemap-codec": "^1.5.0",
        "@jridgewell/trace-mapping": "^0.3.24"
      }
    },
    "node_modules/@jridgewell/resolve-uri": {
      "version": "3.1.2",
      "resolved": "https://registry.npmjs.org/@jridgewell/resolve-uri/-/resolve-uri-3.1.2.tgz",
      "integrity": "sha512-bRISgCIjP20/tbWSPWMEi54QVPRZExkuD9lJL+UIxUKtwVJA8wW1Trb1jMs1RFXo1CBTNZ/5hpC9QvmKWdopKw==",
      "dev": true,
      "license": "MIT",
      "engines": {
        "node": ">=6.0.0"
      }
    },
    "node_modules/@jridgewell/sourcemap-codec": {
      "version": "1.5.1",
      "resolved": "https://registry.npmjs.org/@jridgewell/sourcemap-codec/-/sourcemap-codec-1.5.1.tgz",
      "integrity": "sha512-mBLKRHc7Ffw/hObYb9+cunuGNjshQk+vZdwZBJoqiysK/mW3Jq0UXosq8aIhMnLevANhR9yoYfdUEOHg6M9y0g==",
      "dev": true,
      "license": "MIT"
    },
    "node_modules/@jridgewell/trace-mapping": {
      "version": "0.3.26",
      "resolved": "https://registry.npmjs.org/@jridgewell/trace-mapping/-/trace-mapping-0.3.26.tgz",
      "integrity": "sha512-Z9rjt4BUVEbLFpw0qjCklVxxf421wrmcbP4w+LmBUxYCyJTYYSclgJD0YsCgGqQCtCIPiz7kjbYYJiAKhjJ3kA==",
      "dev": true,
      "license": "MIT",
      "dependencies": {
        "@jridgewell/resolve-uri": "^3.1.0",
        "@jridgewell/sourcemap-codec": "^1.4.14"
      }
    },
    "node_modules/@pkgr/core": {
      "version": "0.2.7",
      "resolved": "https://registry.npmjs.org/@pkgr/core/-/core-0.2.7.tgz",
      "integrity": "sha512-YLT9Zo3oNPJoBjBc4q8G2mjU4tqIbf5CEOORbUUr48dCD9q3umJ3IPlVqOqDakPfd2HuwccBaqlGhN4Gmr5OWg==",
      "dev": true,
      "license": "MIT",
      "engines": {
        "node": "^12.20.0 || ^14.18.0 || >=16.0.0"
      },
      "funding": {
        "url": "https://opencollective.com/pkgr"
      }
    },
    "node_modules/debug": {
      "version": "4.4.1",
      "resolved": "https://registry.npmjs.org/debug/-/debug-4.4.1.tgz",
      "integrity": "sha512-KcKCqiftBJcZr++7ykoDIEwSa3XWowTfNPo92BYxjXiyYEVrUQh2aLyhxBCwww+heortUFxEJYcRzosstTEBYQ==",
      "dev": true,
      "license": "MIT",
      "dependencies": {
        "ms": "^2.1.3"
      },
      "engines": {
        "node": ">=6.0"
      },
      "peerDependenciesMeta": {
        "supports-color": {
          "optional": true
        }
      }
    },
    "node_modules/detect-indent": {
      "version": "7.0.1",
      "resolved": "https://registry.npmjs.org/detect-indent/-/detect-indent-7.0.1.tgz",
      "integrity": "sha512-Mc7QhQ8s+cLrnUfU/Ji94vG/r8M26m8f++vyres4ZoojaRDpZ1eSIh/EpzLNwlWuvzSZ3UbDFspjFvTDXe6e/g==",
      "dev": true,
      "license": "MIT",
      "engines": {
        "node": ">=12.20"
      }
    },
    "node_modules/detect-newline": {
      "version": "4.0.1",
      "resolved": "https://registry.npmjs.org/detect-newline/-/detect-newline-4.0.1.tgz",
      "integrity": "sha512-qE3Veg1YXzGHQhlA6jzebZN2qVf6NX+A7m7qlhCGG30dJixrAQhYOsJjsnBjJkCSmuOPpCk30145fr8FV0bzog==",
      "dev": true,
      "license": "MIT",
      "engines": {
        "node": "^12.20.0 || ^14.13.1 || >=16.0.0"
      },
      "funding": {
        "url": "https://github.com/sponsors/sindresorhus"
      }
    },
    "node_modules/fdir": {
      "version": "6.4.6",
      "resolved": "https://registry.npmjs.org/fdir/-/fdir-6.4.6.tgz",
      "integrity": "sha512-hiFoqpyZcfNm1yc4u8oWCf9A2c4D3QjCrks3zmoVKVxpQRzmPNar1hUJcBG2RQHvEVGDN+Jm81ZheVLAQMK6+w==",
      "dev": true,
      "license": "MIT",
      "peerDependencies": {
        "picomatch": "^3 || ^4"
      },
      "peerDependenciesMeta": {
        "picomatch": {
          "optional": true
        }
      }
    },
    "node_modules/git-hooks-list": {
      "version": "4.1.1",
      "resolved": "https://registry.npmjs.org/git-hooks-list/-/git-hooks-list-4.1.1.tgz",
      "integrity": "sha512-cmP497iLq54AZnv4YRAEMnEyQ1eIn4tGKbmswqwmFV4GBnAqE8NLtWxxdXa++AalfgL5EBH4IxTPyquEuGY/jA==",
      "dev": true,
      "license": "MIT",
      "funding": {
        "url": "https://github.com/fisker/git-hooks-list?sponsor=1"
      }
    },
    "node_modules/globals": {
      "version": "11.12.0",
      "resolved": "https://registry.npmjs.org/globals/-/globals-11.12.0.tgz",
      "integrity": "sha512-WOBp/EEGUiIsJSp7wcv/y6MO+lV9UoncWqxuFfm8eBwzWNgyfBd6Gz+IeKQ9jCmyhoH99g15M3T+QaVHFjizVA==",
      "dev": true,
      "license": "MIT",
      "engines": {
        "node": ">=4"
      }
    },
    "node_modules/is-plain-obj": {
      "version": "4.1.0",
      "resolved": "https://registry.npmjs.org/is-plain-obj/-/is-plain-obj-4.1.0.tgz",
      "integrity": "sha512-+Pgi+vMuUNkJyExiMBt5IlFoMyKnr5zhJ4Uspz58WOhBF5QoIZkFyNHIbBAtHwzVAgk5RtndVNsDRN61/mmDqg==",
      "dev": true,
      "license": "MIT",
      "engines": {
        "node": ">=12"
      },
      "funding": {
        "url": "https://github.com/sponsors/sindresorhus"
      }
    },
    "node_modules/js-tokens": {
      "version": "4.0.0",
      "resolved": "https://registry.npmjs.org/js-tokens/-/js-tokens-4.0.0.tgz",
      "integrity": "sha512-RdJUflcE3cUzKiMqQgsCu06FPu9UdIJO0beYbPhHN4k6apgJtifcoCtT9bcxOpYBtpD2kCM6Sbzg4CausW/PKQ==",
      "dev": true,
      "license": "MIT"
    },
    "node_modules/jsesc": {
      "version": "3.1.0",
      "resolved": "https://registry.npmjs.org/jsesc/-/jsesc-3.1.0.tgz",
      "integrity": "sha512-/sM3dO2FOzXjKQhJuo0Q173wf2KOo8t4I8vHy6lF9poUp7bKT0/NHE8fPX23PwfhnykfqnC2xRxOnVw5XuGIaA==",
      "dev": true,
      "license": "MIT",
      "bin": {
        "jsesc": "bin/jsesc"
      },
      "engines": {
        "node": ">=6"
      }
    },
    "node_modules/ms": {
      "version": "2.1.3",
      "resolved": "https://registry.npmjs.org/ms/-/ms-2.1.3.tgz",
      "integrity": "sha512-6FlzubTLZG3J2a/NVCAleEhjzq5oxgHyaCU9yYXvcLsvoVaHJq/s5xXI6/XXP6tz7R9xAOtHnSO/tXtF3WRTlA==",
      "dev": true,
      "license": "MIT"
    },
    "node_modules/picocolors": {
      "version": "1.1.1",
      "resolved": "https://registry.npmjs.org/picocolors/-/picocolors-1.1.1.tgz",
      "integrity": "sha512-xceH2snhtb5M9liqDsmEw56le376mTZkEX/jEb/RxNFyegNul7eNslCXP9FDj/Lcu0X8KEyMceP2ntpaHrDEVA==",
      "dev": true,
      "license": "ISC"
    },
    "node_modules/picomatch": {
      "version": "4.0.2",
      "resolved": "https://registry.npmjs.org/picomatch/-/picomatch-4.0.2.tgz",
      "integrity": "sha512-M7BAV6Rlcy5u+m6oPhAPFgJTzAioX/6B0DxyvDlo9l8+T3nLKbrczg2WLUyzd45L8RqfUMyGPzekbMvX2Ldkwg==",
      "dev": true,
      "license": "MIT",
      "engines": {
        "node": ">=12"
      },
      "funding": {
        "url": "https://github.com/sponsors/jonschlinkert"
      }
    },
    "node_modules/prettier": {
      "version": "3.6.2",
      "resolved": "https://registry.npmjs.org/prettier/-/prettier-3.6.2.tgz",
      "integrity": "sha512-I7AIg5boAr5R0FFtJ6rCfD+LFsWHp81dolrFD8S79U9tb8Az2nGrJncnMSnys+bpQJfRUzqs9hnA81OAA3hCuQ==",
      "dev": true,
      "license": "MIT",
      "bin": {
        "prettier": "bin/prettier.cjs"
      },
      "engines": {
        "node": ">=14"
      },
      "funding": {
        "url": "https://github.com/prettier/prettier?sponsor=1"
      }
    },
    "node_modules/prettier-plugin-packagejson": {
      "version": "2.5.17",
      "resolved": "https://registry.npmjs.org/prettier-plugin-packagejson/-/prettier-plugin-packagejson-2.5.17.tgz",
      "integrity": "sha512-1WYvhTix+4EMYZQYSjAxb6+KTCULINuHUTBcxYa2ipoUS9Y2zJVjE3kuZ5I7ZWIFqyK8xpwYIunXqN5eiT7Hew==",
      "dev": true,
      "license": "MIT",
      "dependencies": {
        "sort-package-json": "3.3.1",
        "synckit": "0.11.8"
      },
      "peerDependencies": {
        "prettier": ">= 1.16.0"
      },
      "peerDependenciesMeta": {
        "prettier": {
          "optional": true
        }
      }
    },
    "node_modules/semver": {
      "version": "7.7.2",
      "resolved": "https://registry.npmjs.org/semver/-/semver-7.7.2.tgz",
      "integrity": "sha512-RF0Fw+rO5AMf9MAyaRXI4AV0Ulj5lMHqVxxdSgiVbixSCXoEmmX/jk0CuJw4+3SqroYO9VoUh+HcuJivvtJemA==",
      "dev": true,
      "license": "ISC",
      "bin": {
        "semver": "bin/semver.js"
      },
      "engines": {
        "node": ">=10"
      }
    },
    "node_modules/sort-object-keys": {
      "version": "1.1.3",
      "resolved": "https://registry.npmjs.org/sort-object-keys/-/sort-object-keys-1.1.3.tgz",
      "integrity": "sha512-855pvK+VkU7PaKYPc+Jjnmt4EzejQHyhhF33q31qG8x7maDzkeFhAAThdCYay11CISO+qAMwjOBP+fPZe0IPyg==",
      "dev": true,
      "license": "MIT"
    },
    "node_modules/sort-package-json": {
      "version": "3.3.1",
      "resolved": "https://registry.npmjs.org/sort-package-json/-/sort-package-json-3.3.1.tgz",
      "integrity": "sha512-awjhQR2Iy5UN3NuguAK5+RezcEuUg9Ra4O8y2Aj+DlJa7MywyHaipAPf9bu4qqFj0hsYHHoT9sS3aV7Ucu728g==",
      "dev": true,
      "license": "MIT",
      "dependencies": {
        "detect-indent": "^7.0.1",
        "detect-newline": "^4.0.1",
        "git-hooks-list": "^4.0.0",
        "is-plain-obj": "^4.1.0",
        "semver": "^7.7.1",
        "sort-object-keys": "^1.1.3",
        "tinyglobby": "^0.2.12"
      },
      "bin": {
        "sort-package-json": "cli.js"
      },
      "engines": {
        "node": ">=20"
      }
    },
    "node_modules/synckit": {
      "version": "0.11.8",
      "resolved": "https://registry.npmjs.org/synckit/-/synckit-0.11.8.tgz",
      "integrity": "sha512-+XZ+r1XGIJGeQk3VvXhT6xx/VpbHsRzsTkGgF6E5RX9TTXD0118l87puaEBZ566FhqblC6U0d4XnubznJDm30A==",
      "dev": true,
      "license": "MIT",
      "dependencies": {
        "@pkgr/core": "^0.2.4"
      },
      "engines": {
        "node": "^14.18.0 || >=16.0.0"
      },
      "funding": {
        "url": "https://opencollective.com/synckit"
      }
    },
    "node_modules/tinyglobby": {
      "version": "0.2.14",
      "resolved": "https://registry.npmjs.org/tinyglobby/-/tinyglobby-0.2.14.tgz",
      "integrity": "sha512-tX5e7OM1HnYr2+a2C/4V0htOcSQcoSTH9KgJnVvNm5zm/cyEWKJ7j7YutsH9CxMdtOkkLFy2AHrMci9IM8IPZQ==",
      "dev": true,
      "license": "MIT",
      "dependencies": {
        "fdir": "^6.4.4",
        "picomatch": "^4.0.2"
      },
      "engines": {
        "node": ">=12.0.0"
      },
      "funding": {
        "url": "https://github.com/sponsors/SuperchupuDev"
      }
    }
  }
}
