{
  "name": "djlint",
  "version": "1.36.4",
  "lockfileVersion": 3,
  "requires": true,
  "packages": {
    "": {
      "name": "djlint",
      "version": "1.36.4",
      "hasInstallScript": true,
      "license": "GPL-3.0-or-later",
      "devDependencies": {
        "@ianvs/prettier-plugin-sort-imports": "4.5.1",
        "prettier": "3.6.2",
        "prettier-plugin-packagejson": "2.5.18"
      }
    },
    "node_modules/@babel/code-frame": {
      "version": "7.27.1",
      "resolved": "https://registry.npmjs.org/@babel/code-frame/-/code-frame-7.27.1.tgz",
      "integrity": "sha512-cjQ7ZlQ0Mv3b47hABuTevyTuYN4i+loJKGeV9flcCgIK37cCXRh+L1bd3iBHlynerhQ7BhCkn2BPbQUL+rGqFg==",
      "dev": true,
      "license": "MIT",
      "dependencies": {
        "@babel/helper-validator-identifier": "^7.27.1",
        "js-tokens": "^4.0.0",
        "picocolors": "^1.1.1"
      },
      "engines": {
        "node": ">=6.9.0"
      }
    },
    "node_modules/@babel/generator": {
      "version": "7.28.0",
      "resolved": "https://registry.npmjs.org/@babel/generator/-/generator-7.28.0.tgz",
      "integrity": "sha512-lJjzvrbEeWrhB4P3QBsH7tey117PjLZnDbLiQEKjQ/fNJTjuq4HSqgFA+UNSwZT8D7dxxbnuSBMsa1lrWzKlQg==",
      "dev": true,
      "license": "MIT",
      "dependencies": {
        "@babel/parser": "^7.28.0",
        "@babel/types": "^7.28.0",
        "@jridgewell/gen-mapping": "^0.3.12",
        "@jridgewell/trace-mapping": "^0.3.28",
        "jsesc": "^3.0.2"
      },
      "engines": {
        "node": ">=6.9.0"
      }
    },
    "node_modules/@babel/helper-globals": {
      "version": "7.28.0",
      "resolved": "https://registry.npmjs.org/@babel/helper-globals/-/helper-globals-7.28.0.tgz",
      "integrity": "sha512-+W6cISkXFa1jXsDEdYA8HeevQT/FULhxzR99pxphltZcVaugps53THCeiWA8SguxxpSp3gKPiuYfSWopkLQ4hw==",
      "dev": true,
      "license": "MIT",
      "engines": {
        "node": ">=6.9.0"
      }
    },
    "node_modules/@babel/helper-string-parser": {
      "version": "7.27.1",
      "resolved": "https://registry.npmjs.org/@babel/helper-string-parser/-/helper-string-parser-7.27.1.tgz",
      "integrity": "sha512-qMlSxKbpRlAridDExk92nSobyDdpPijUq2DW6oDnUqd0iOGxmQjyqhMIihI9+zv4LPyZdRje2cavWPbCbWm3eA==",
      "dev": true,
      "license": "MIT",
      "engines": {
        "node": ">=6.9.0"
      }
    },
    "node_modules/@babel/helper-validator-identifier": {
      "version": "7.27.1",
      "resolved": "https://registry.npmjs.org/@babel/helper-validator-identifier/-/helper-validator-identifier-7.27.1.tgz",
      "integrity": "sha512-D2hP9eA+Sqx1kBZgzxZh0y1trbuU+JoDkiEwqhQ36nodYqJwyEIhPSdMNd7lOm/4io72luTPWH20Yda0xOuUow==",
      "dev": true,
      "license": "MIT",
      "engines": {
        "node": ">=6.9.0"
      }
    },
    "node_modules/@babel/parser": {
      "version": "7.28.0",
      "resolved": "https://registry.npmjs.org/@babel/parser/-/parser-7.28.0.tgz",
      "integrity": "sha512-jVZGvOxOuNSsuQuLRTh13nU0AogFlw32w/MT+LV6D3sP5WdbW61E77RnkbaO2dUvmPAYrBDJXGn5gGS6tH4j8g==",
      "dev": true,
      "license": "MIT",
      "dependencies": {
        "@babel/types": "^7.28.0"
      },
      "bin": {
        "parser": "bin/babel-parser.js"
      },
      "engines": {
        "node": ">=6.0.0"
      }
    },
    "node_modules/@babel/template": {
      "version": "7.27.2",
      "resolved": "https://registry.npmjs.org/@babel/template/-/template-7.27.2.tgz",
      "integrity": "sha512-LPDZ85aEJyYSd18/DkjNh4/y1ntkE5KwUHWTiqgRxruuZL2F1yuHligVHLvcHY2vMHXttKFpJn6LwfI7cw7ODw==",
      "dev": true,
      "license": "MIT",
      "dependencies": {
        "@babel/code-frame": "^7.27.1",
        "@babel/parser": "^7.27.2",
        "@babel/types": "^7.27.1"
      },
      "engines": {
        "node": ">=6.9.0"
      }
    },
    "node_modules/@babel/traverse": {
      "version": "7.28.0",
      "resolved": "https://registry.npmjs.org/@babel/traverse/-/traverse-7.28.0.tgz",
      "integrity": "sha512-mGe7UK5wWyh0bKRfupsUchrQGqvDbZDbKJw+kcRGSmdHVYrv+ltd0pnpDTVpiTqnaBru9iEvA8pz8W46v0Amwg==",
      "dev": true,
      "license": "MIT",
      "dependencies": {
        "@babel/code-frame": "^7.27.1",
        "@babel/generator": "^7.28.0",
        "@babel/helper-globals": "^7.28.0",
        "@babel/parser": "^7.28.0",
        "@babel/template": "^7.27.2",
        "@babel/types": "^7.28.0",
        "debug": "^4.3.1"
      },
      "engines": {
        "node": ">=6.9.0"
      }
    },
    "node_modules/@babel/types": {
      "version": "7.28.1",
      "resolved": "https://registry.npmjs.org/@babel/types/-/types-7.28.1.tgz",
      "integrity": "sha512-x0LvFTekgSX+83TI28Y9wYPUfzrnl2aT5+5QLnO6v7mSJYtEEevuDRN0F0uSHRk1G1IWZC43o00Y0xDDrpBGPQ==",
      "dev": true,
      "license": "MIT",
      "dependencies": {
        "@babel/helper-string-parser": "^7.27.1",
        "@babel/helper-validator-identifier": "^7.27.1"
      },
      "engines": {
        "node": ">=6.9.0"
      }
    },
    "node_modules/@ianvs/prettier-plugin-sort-imports": {
      "version": "4.5.1",
      "resolved": "https://registry.npmjs.org/@ianvs/prettier-plugin-sort-imports/-/prettier-plugin-sort-imports-4.5.1.tgz",
      "integrity": "sha512-vOQwIyQHnHz0ikvHEQDzwUkNfX74o/7qNEpm9LiPtyBvCg/AU/DOkhwe1o92chPS1QzS6G7HeiO+OwIt8a358A==",
      "dev": true,
      "license": "Apache-2.0",
      "dependencies": {
        "@babel/generator": "^7.26.2",
        "@babel/parser": "^7.26.2",
        "@babel/traverse": "^7.25.9",
        "@babel/types": "^7.26.0",
        "semver": "^7.5.2"
      },
      "peerDependencies": {
        "@prettier/plugin-oxc": "^0.0.4",
        "@vue/compiler-sfc": "2.7.x || 3.x",
        "prettier": "2 || 3 || ^4.0.0-0"
      },
      "peerDependenciesMeta": {
        "@prettier/plugin-oxc": {
          "optional": true
        },
        "@vue/compiler-sfc": {
          "optional": true
        }
      }
    },
    "node_modules/@jridgewell/gen-mapping": {
      "version": "0.3.12",
      "resolved": "https://registry.npmjs.org/@jridgewell/gen-mapping/-/gen-mapping-0.3.12.tgz",
      "integrity": "sha512-OuLGC46TjB5BbN1dH8JULVVZY4WTdkF7tV9Ys6wLL1rubZnCMstOhNHueU5bLCrnRuDhKPDM4g6sw4Bel5Gzqg==",
      "dev": true,
      "license": "MIT",
      "dependencies": {
        "@jridgewell/sourcemap-codec": "^1.5.0",
        "@jridgewell/trace-mapping": "^0.3.24"
      }
    },
    "node_modules/@jridgewell/resolve-uri": {
      "version": "3.1.2",
      "resolved": "https://registry.npmjs.org/@jridgewell/resolve-uri/-/resolve-uri-3.1.2.tgz",
      "integrity": "sha512-bRISgCIjP20/tbWSPWMEi54QVPRZExkuD9lJL+UIxUKtwVJA8wW1Trb1jMs1RFXo1CBTNZ/5hpC9QvmKWdopKw==",
      "dev": true,
      "license": "MIT",
      "engines": {
        "node": ">=6.0.0"
      }
    },
    "node_modules/@jridgewell/sourcemap-codec": {
      "version": "1.5.4",
      "resolved": "https://registry.npmjs.org/@jridgewell/sourcemap-codec/-/sourcemap-codec-1.5.4.tgz",
      "integrity": "sha512-VT2+G1VQs/9oz078bLrYbecdZKs912zQlkelYpuf+SXF+QvZDYJlbx/LSx+meSAwdDFnF8FVXW92AVjjkVmgFw==",
      "dev": true,
      "license": "MIT"
    },
    "node_modules/@jridgewell/trace-mapping": {
      "version": "0.3.29",
      "resolved": "https://registry.npmjs.org/@jridgewell/trace-mapping/-/trace-mapping-0.3.29.tgz",
      "integrity": "sha512-uw6guiW/gcAGPDhLmd77/6lW8QLeiV5RUTsAX46Db6oLhGaVj4lhnPwb184s1bkc8kdVg/+h988dro8GRDpmYQ==",
      "dev": true,
      "license": "MIT",
      "dependencies": {
        "@jridgewell/resolve-uri": "^3.1.0",
        "@jridgewell/sourcemap-codec": "^1.4.14"
      }
    },
    "node_modules/@pkgr/core": {
      "version": "0.2.9",
      "resolved": "https://registry.npmjs.org/@pkgr/core/-/core-0.2.9.tgz",
      "integrity": "sha512-QNqXyfVS2wm9hweSYD2O7F0G06uurj9kZ96TRQE5Y9hU7+tgdZwIkbAKc5Ocy1HxEY2kuDQa6cQ1WRs/O5LFKA==",
      "dev": true,
      "license": "MIT",
      "engines": {
        "node": "^12.20.0 || ^14.18.0 || >=16.0.0"
      },
      "funding": {
        "url": "https://opencollective.com/pkgr"
      }
    },
    "node_modules/debug": {
      "version": "4.4.1",
      "resolved": "https://registry.npmjs.org/debug/-/debug-4.4.1.tgz",
      "integrity": "sha512-KcKCqiftBJcZr++7ykoDIEwSa3XWowTfNPo92BYxjXiyYEVrUQh2aLyhxBCwww+heortUFxEJYcRzosstTEBYQ==",
      "dev": true,
      "license": "MIT",
      "dependencies": {
        "ms": "^2.1.3"
      },
      "engines": {
        "node": ">=6.0"
      },
      "peerDependenciesMeta": {
        "supports-color": {
          "optional": true
        }
      }
    },
    "node_modules/detect-indent": {
      "version": "7.0.1",
      "resolved": "https://registry.npmjs.org/detect-indent/-/detect-indent-7.0.1.tgz",
      "integrity": "sha512-Mc7QhQ8s+cLrnUfU/Ji94vG/r8M26m8f++vyres4ZoojaRDpZ1eSIh/EpzLNwlWuvzSZ3UbDFspjFvTDXe6e/g==",
      "dev": true,
      "license": "MIT",
      "engines": {
        "node": ">=12.20"
      }
    },
    "node_modules/detect-newline": {
      "version": "4.0.1",
      "resolved": "https://registry.npmjs.org/detect-newline/-/detect-newline-4.0.1.tgz",
      "integrity": "sha512-qE3Veg1YXzGHQhlA6jzebZN2qVf6NX+A7m7qlhCGG30dJixrAQhYOsJjsnBjJkCSmuOPpCk30145fr8FV0bzog==",
      "dev": true,
      "license": "MIT",
      "engines": {
        "node": "^12.20.0 || ^14.13.1 || >=16.0.0"
      },
      "funding": {
        "url": "https://github.com/sponsors/sindresorhus"
      }
    },
    "node_modules/fdir": {
      "version": "6.4.6",
      "resolved": "https://registry.npmjs.org/fdir/-/fdir-6.4.6.tgz",
      "integrity": "sha512-hiFoqpyZcfNm1yc4u8oWCf9A2c4D3QjCrks3zmoVKVxpQRzmPNar1hUJcBG2RQHvEVGDN+Jm81ZheVLAQMK6+w==",
      "dev": true,
      "license": "MIT",
      "peerDependencies": {
        "picomatch": "^3 || ^4"
      },
      "peerDependenciesMeta": {
        "picomatch": {
          "optional": true
        }
      }
    },
    "node_modules/git-hooks-list": {
      "version": "4.1.1",
      "resolved": "https://registry.npmjs.org/git-hooks-list/-/git-hooks-list-4.1.1.tgz",
      "integrity": "sha512-cmP497iLq54AZnv4YRAEMnEyQ1eIn4tGKbmswqwmFV4GBnAqE8NLtWxxdXa++AalfgL5EBH4IxTPyquEuGY/jA==",
      "dev": true,
      "license": "MIT",
      "funding": {
        "url": "https://github.com/fisker/git-hooks-list?sponsor=1"
      }
    },
    "node_modules/is-plain-obj": {
      "version": "4.1.0",
      "resolved": "https://registry.npmjs.org/is-plain-obj/-/is-plain-obj-4.1.0.tgz",
      "integrity": "sha512-+Pgi+vMuUNkJyExiMBt5IlFoMyKnr5zhJ4Uspz58WOhBF5QoIZkFyNHIbBAtHwzVAgk5RtndVNsDRN61/mmDqg==",
      "dev": true,
      "license": "MIT",
      "engines": {
        "node": ">=12"
      },
      "funding": {
        "url": "https://github.com/sponsors/sindresorhus"
      }
    },
    "node_modules/js-tokens": {
      "version": "4.0.0",
      "resolved": "https://registry.npmjs.org/js-tokens/-/js-tokens-4.0.0.tgz",
      "integrity": "sha512-RdJUflcE3cUzKiMqQgsCu06FPu9UdIJO0beYbPhHN4k6apgJtifcoCtT9bcxOpYBtpD2kCM6Sbzg4CausW/PKQ==",
      "dev": true,
      "license": "MIT"
    },
    "node_modules/jsesc": {
      "version": "3.1.0",
      "resolved": "https://registry.npmjs.org/jsesc/-/jsesc-3.1.0.tgz",
      "integrity": "sha512-/sM3dO2FOzXjKQhJuo0Q173wf2KOo8t4I8vHy6lF9poUp7bKT0/NHE8fPX23PwfhnykfqnC2xRxOnVw5XuGIaA==",
      "dev": true,
      "license": "MIT",
      "bin": {
        "jsesc": "bin/jsesc"
      },
      "engines": {
        "node": ">=6"
      }
    },
    "node_modules/ms": {
      "version": "2.1.3",
      "resolved": "https://registry.npmjs.org/ms/-/ms-2.1.3.tgz",
      "integrity": "sha512-6FlzubTLZG3J2a/NVCAleEhjzq5oxgHyaCU9yYXvcLsvoVaHJq/s5xXI6/XXP6tz7R9xAOtHnSO/tXtF3WRTlA==",
      "dev": true,
      "license": "MIT"
    },
    "node_modules/picocolors": {
      "version": "1.1.1",
      "resolved": "https://registry.npmjs.org/picocolors/-/picocolors-1.1.1.tgz",
      "integrity": "sha512-xceH2snhtb5M9liqDsmEw56le376mTZkEX/jEb/RxNFyegNul7eNslCXP9FDj/Lcu0X8KEyMceP2ntpaHrDEVA==",
      "dev": true,
      "license": "ISC"
    },
    "node_modules/picomatch": {
      "version": "4.0.3",
      "resolved": "https://registry.npmjs.org/picomatch/-/picomatch-4.0.3.tgz",
      "integrity": "sha512-5gTmgEY/sqK6gFXLIsQNH19lWb4ebPDLA4SdLP7dsWkIXHWlG66oPuVvXSGFPppYZz8ZDZq0dYYrbHfBCVUb1Q==",
      "dev": true,
      "license": "MIT",
      "engines": {
        "node": ">=12"
      },
      "funding": {
        "url": "https://github.com/sponsors/jonschlinkert"
      }
    },
    "node_modules/prettier": {
      "version": "3.6.2",
      "resolved": "https://registry.npmjs.org/prettier/-/prettier-3.6.2.tgz",
      "integrity": "sha512-I7AIg5boAr5R0FFtJ6rCfD+LFsWHp81dolrFD8S79U9tb8Az2nGrJncnMSnys+bpQJfRUzqs9hnA81OAA3hCuQ==",
      "dev": true,
      "license": "MIT",
      "bin": {
        "prettier": "bin/prettier.cjs"
      },
      "engines": {
        "node": ">=14"
      },
      "funding": {
        "url": "https://github.com/prettier/prettier?sponsor=1"
      }
    },
    "node_modules/prettier-plugin-packagejson": {
      "version": "2.5.18",
      "resolved": "https://registry.npmjs.org/prettier-plugin-packagejson/-/prettier-plugin-packagejson-2.5.18.tgz",
      "integrity": "sha512-NKznPGcGrcj4NPGxnh+w78JXPyfB6I4RQSCM0v+CAXwpDG7OEpJQ5zMyfC5NBgKH1k7Skwcj5ak5by2mrHvC5g==",
      "dev": true,
      "license": "MIT",
      "dependencies": {
        "sort-package-json": "3.4.0",
        "synckit": "0.11.8"
      },
      "peerDependencies": {
        "prettier": ">= 1.16.0"
      },
      "peerDependenciesMeta": {
        "prettier": {
          "optional": true
        }
      }
    },
    "node_modules/semver": {
      "version": "7.7.2",
      "resolved": "https://registry.npmjs.org/semver/-/semver-7.7.2.tgz",
      "integrity": "sha512-RF0Fw+rO5AMf9MAyaRXI4AV0Ulj5lMHqVxxdSgiVbixSCXoEmmX/jk0CuJw4+3SqroYO9VoUh+HcuJivvtJemA==",
      "dev": true,
      "license": "ISC",
      "bin": {
        "semver": "bin/semver.js"
      },
      "engines": {
        "node": ">=10"
      }
    },
    "node_modules/sort-object-keys": {
      "version": "1.1.3",
      "resolved": "https://registry.npmjs.org/sort-object-keys/-/sort-object-keys-1.1.3.tgz",
      "integrity": "sha512-855pvK+VkU7PaKYPc+Jjnmt4EzejQHyhhF33q31qG8x7maDzkeFhAAThdCYay11CISO+qAMwjOBP+fPZe0IPyg==",
      "dev": true,
      "license": "MIT"
    },
    "node_modules/sort-package-json": {
      "version": "3.4.0",
      "resolved": "https://registry.npmjs.org/sort-package-json/-/sort-package-json-3.4.0.tgz",
      "integrity": "sha512-97oFRRMM2/Js4oEA9LJhjyMlde+2ewpZQf53pgue27UkbEXfHJnDzHlUxQ/DWUkzqmp7DFwJp8D+wi/TYeQhpA==",
      "dev": true,
      "license": "MIT",
      "dependencies": {
        "detect-indent": "^7.0.1",
        "detect-newline": "^4.0.1",
        "git-hooks-list": "^4.0.0",
        "is-plain-obj": "^4.1.0",
        "semver": "^7.7.1",
        "sort-object-keys": "^1.1.3",
        "tinyglobby": "^0.2.12"
      },
      "bin": {
        "sort-package-json": "cli.js"
      },
      "engines": {
        "node": ">=20"
      }
    },
    "node_modules/synckit": {
      "version": "0.11.8",
      "resolved": "https://registry.npmjs.org/synckit/-/synckit-0.11.8.tgz",
      "integrity": "sha512-+XZ+r1XGIJGeQk3VvXhT6xx/VpbHsRzsTkGgF6E5RX9TTXD0118l87puaEBZ566FhqblC6U0d4XnubznJDm30A==",
      "dev": true,
      "license": "MIT",
      "dependencies": {
        "@pkgr/core": "^0.2.4"
      },
      "engines": {
        "node": "^14.18.0 || >=16.0.0"
      },
      "funding": {
        "url": "https://opencollective.com/synckit"
      }
    },
    "node_modules/tinyglobby": {
      "version": "0.2.14",
      "resolved": "https://registry.npmjs.org/tinyglobby/-/tinyglobby-0.2.14.tgz",
      "integrity": "sha512-tX5e7OM1HnYr2+a2C/4V0htOcSQcoSTH9KgJnVvNm5zm/cyEWKJ7j7YutsH9CxMdtOkkLFy2AHrMci9IM8IPZQ==",
      "dev": true,
      "license": "MIT",
      "dependencies": {
        "fdir": "^6.4.4",
        "picomatch": "^4.0.2"
      },
      "engines": {
        "node": ">=12.0.0"
      },
      "funding": {
        "url": "https://github.com/sponsors/SuperchupuDev"
      }
    }
  }
}
